
Microsoft Visual Studio Solution File, Format Version 12.00
# Visual Studio Version 17
VisualStudioVersion = 17.7.34031.279
MinimumVisualStudioVersion = 10.0.40219.1
Project("{8BC9CEB8-8B4A-11D0-8D11-00A0C91BC942}") = "PTA_2023.12.2", "PTA_2023.12.2\PTA_2023.12.2.vcxproj", "{FD124A84-6B5B-4D3B-B245-5611372B6EDB}"
EndProject
Global
	GlobalSection(SolutionConfigurationPlatforms) = preSolution
		Debug|x64 = Debug|x64
		Debug|x86 = Debug|x86
		Release|x64 = Release|x64
		Release|x86 = Release|x86
	EndGlobalSection
	GlobalSection(ProjectConfigurationPlatforms) = postSolution
		{FD124A84-6B5B-4D3B-B245-5611372B6EDB}.Debug|x64.ActiveCfg = Debug|x64
		{FD124A84-6B5B-4D3B-B245-5611372B6EDB}.Debug|x64.Build.0 = Debug|x64
		{FD124A84-6B5B-4D3B-B245-5611372B6EDB}.Debug|x86.ActiveCfg = Debug|Win32
		{FD124A84-6B5B-4D3B-B245-5611372B6EDB}.Debug|x86.Build.0 = Debug|Win32
		{FD124A84-6B5B-4D3B-B245-5611372B6EDB}.Release|x64.ActiveCfg = Release|x64
		{FD124A84-6B5B-4D3B-B245-5611372B6EDB}.Release|x64.Build.0 = Release|x64
		{FD124A84-6B5B-4D3B-B245-5611372B6EDB}.Release|x86.ActiveCfg = Release|Win32
		{FD124A84-6B5B-4D3B-B245-5611372B6EDB}.Release|x86.Build.0 = Release|Win32
	EndGlobalSection
	GlobalSection(SolutionProperties) = preSolution
		HideSolutionNode = FALSE
	EndGlobalSection
	GlobalSection(ExtensibilityGlobals) = postSolution
		SolutionGuid = {EF04B776-2108-48BA-AEFA-3BC9DCA803C4}
	EndGlobalSection
EndGlobal
