
Microsoft Visual Studio Solution File, Format Version 12.00
# Visual Studio Version 17
VisualStudioVersion = 17.7.34031.279
MinimumVisualStudioVersion = 10.0.40219.1
Project("{8BC9CEB8-8B4A-11D0-8D11-00A0C91BC942}") = "PTA_2023.12.5", "PTA_2023.12.5\PTA_2023.12.5.vcxproj", "{E75D9893-DEFA-4133-A57A-BA089F5026E2}"
EndProject
Global
	GlobalSection(SolutionConfigurationPlatforms) = preSolution
		Debug|x64 = Debug|x64
		Debug|x86 = Debug|x86
		Release|x64 = Release|x64
		Release|x86 = Release|x86
	EndGlobalSection
	GlobalSection(ProjectConfigurationPlatforms) = postSolution
		{E75D9893-DEFA-4133-A57A-BA089F5026E2}.Debug|x64.ActiveCfg = Debug|x64
		{E75D9893-DEFA-4133-A57A-BA089F5026E2}.Debug|x64.Build.0 = Debug|x64
		{E75D9893-DEFA-4133-A57A-BA089F5026E2}.Debug|x86.ActiveCfg = Debug|Win32
		{E75D9893-DEFA-4133-A57A-BA089F5026E2}.Debug|x86.Build.0 = Debug|Win32
		{E75D9893-DEFA-4133-A57A-BA089F5026E2}.Release|x64.ActiveCfg = Release|x64
		{E75D9893-DEFA-4133-A57A-BA089F5026E2}.Release|x64.Build.0 = Release|x64
		{E75D9893-DEFA-4133-A57A-BA089F5026E2}.Release|x86.ActiveCfg = Release|Win32
		{E75D9893-DEFA-4133-A57A-BA089F5026E2}.Release|x86.Build.0 = Release|Win32
	EndGlobalSection
	GlobalSection(SolutionProperties) = preSolution
		HideSolutionNode = FALSE
	EndGlobalSection
	GlobalSection(ExtensibilityGlobals) = postSolution
		SolutionGuid = {E0123689-D869-485C-A684-3080E98FC63C}
	EndGlobalSection
EndGlobal
