
Microsoft Visual Studio Solution File, Format Version 12.00
# Visual Studio Version 17
VisualStudioVersion = 17.7.34031.279
MinimumVisualStudioVersion = 10.0.40219.1
Project("{8BC9CEB8-8B4A-11D0-8D11-00A0C91BC942}") = "train_2023.11.24", "train_2023.11.24\train_2023.11.24.vcxproj", "{7F56D9B4-D884-4FD8-AF08-54A2DEF13480}"
EndProject
Global
	GlobalSection(SolutionConfigurationPlatforms) = preSolution
		Debug|x64 = Debug|x64
		Debug|x86 = Debug|x86
		Release|x64 = Release|x64
		Release|x86 = Release|x86
	EndGlobalSection
	GlobalSection(ProjectConfigurationPlatforms) = postSolution
		{7F56D9B4-D884-4FD8-AF08-54A2DEF13480}.Debug|x64.ActiveCfg = Debug|x64
		{7F56D9B4-D884-4FD8-AF08-54A2DEF13480}.Debug|x64.Build.0 = Debug|x64
		{7F56D9B4-D884-4FD8-AF08-54A2DEF13480}.Debug|x86.ActiveCfg = Debug|Win32
		{7F56D9B4-D884-4FD8-AF08-54A2DEF13480}.Debug|x86.Build.0 = Debug|Win32
		{7F56D9B4-D884-4FD8-AF08-54A2DEF13480}.Release|x64.ActiveCfg = Release|x64
		{7F56D9B4-D884-4FD8-AF08-54A2DEF13480}.Release|x64.Build.0 = Release|x64
		{7F56D9B4-D884-4FD8-AF08-54A2DEF13480}.Release|x86.ActiveCfg = Release|Win32
		{7F56D9B4-D884-4FD8-AF08-54A2DEF13480}.Release|x86.Build.0 = Release|Win32
	EndGlobalSection
	GlobalSection(SolutionProperties) = preSolution
		HideSolutionNode = FALSE
	EndGlobalSection
	GlobalSection(ExtensibilityGlobals) = postSolution
		SolutionGuid = {75D9D70D-2060-40B3-874A-6BBDD010D915}
	EndGlobalSection
EndGlobal
